
Microsoft Visual Studio Solution File, Format Version 12.00
# Visual Studio 15
VisualStudioVersion = 15.0.27703.2042
MinimumVisualStudioVersion = 10.0.40219.1
Project("{FAE04EC0-301F-11D3-BF4B-00C04F79EFBC}") = "WebApplication", "WebApplication\WebApplication.csproj", "{9A8592C5-5CD8-4725-90CF-0AA3E18A4BEE}"
EndProject
Project("{FAE04EC0-301F-11D3-BF4B-00C04F79EFBC}") = "Entidades", "Entidades\Entidades.csproj", "{6FEB46F3-F859-49ED-81B6-2F08629068AD}"
EndProject
Project("{FAE04EC0-301F-11D3-BF4B-00C04F79EFBC}") = "Dados", "Dados\Dados.csproj", "{29ED2EC0-5F1E-4143-8091-02175CF098AA}"
EndProject
Project("{FAE04EC0-301F-11D3-BF4B-00C04F79EFBC}") = "Servicos.Implementacoes", "Servicos.Implementacoes\Servicos.Implementacoes.csproj", "{7743153D-5419-43A3-AC24-87238BA8D13D}"
EndProject
Project("{FAE04EC0-301F-11D3-BF4B-00C04F79EFBC}") = "Servicos.Contratos", "Servicos.Contratos\Servicos.Contratos.csproj", "{A74DA7CC-4930-45C6-BE0E-6BD29C071266}"
EndProject
Project("{FAE04EC0-301F-11D3-BF4B-00C04F79EFBC}") = "Repositorios.Implementacoes", "Repositorios.Implementacoes\Repositorios.Implementacoes.csproj", "{5D8338B8-338A-41D1-878E-2DC6E50DB109}"
EndProject
Project("{FAE04EC0-301F-11D3-BF4B-00C04F79EFBC}") = "Repositorios.Contratos", "Repositorios.Contratos\Repositorios.Contratos.csproj", "{FE9B92FB-AFEC-411C-9D06-3D44FB88C924}"
EndProject
Project("{FAE04EC0-301F-11D3-BF4B-00C04F79EFBC}") = "DTOs", "DTOs\DTOs.csproj", "{297F6A3B-3BC9-4071-A94B-4CAF0ED72766}"
EndProject
Project("{FAE04EC0-301F-11D3-BF4B-00C04F79EFBC}") = "FornecedorAPI", "FornecedorAPI\FornecedorAPI.csproj", "{3903AEF5-51F9-4CA4-BF93-12C7DACCFBBB}"
EndProject
Project("{FAE04EC0-301F-11D3-BF4B-00C04F79EFBC}") = "SimpleInjectorBootstrapPackage", "SimpleInjectorBootstrapPackage\SimpleInjectorBootstrapPackage.csproj", "{C98F8AAF-3A3A-4EAE-B188-CAFF76E97D11}"
EndProject
Global
	GlobalSection(SolutionConfigurationPlatforms) = preSolution
		Debug|Any CPU = Debug|Any CPU
		Release|Any CPU = Release|Any CPU
	EndGlobalSection
	GlobalSection(ProjectConfigurationPlatforms) = postSolution
		{9A8592C5-5CD8-4725-90CF-0AA3E18A4BEE}.Debug|Any CPU.ActiveCfg = Debug|Any CPU
		{9A8592C5-5CD8-4725-90CF-0AA3E18A4BEE}.Debug|Any CPU.Build.0 = Debug|Any CPU
		{9A8592C5-5CD8-4725-90CF-0AA3E18A4BEE}.Release|Any CPU.ActiveCfg = Release|Any CPU
		{9A8592C5-5CD8-4725-90CF-0AA3E18A4BEE}.Release|Any CPU.Build.0 = Release|Any CPU
		{6FEB46F3-F859-49ED-81B6-2F08629068AD}.Debug|Any CPU.ActiveCfg = Debug|Any CPU
		{6FEB46F3-F859-49ED-81B6-2F08629068AD}.Debug|Any CPU.Build.0 = Debug|Any CPU
		{6FEB46F3-F859-49ED-81B6-2F08629068AD}.Release|Any CPU.ActiveCfg = Release|Any CPU
		{6FEB46F3-F859-49ED-81B6-2F08629068AD}.Release|Any CPU.Build.0 = Release|Any CPU
		{29ED2EC0-5F1E-4143-8091-02175CF098AA}.Debug|Any CPU.ActiveCfg = Debug|Any CPU
		{29ED2EC0-5F1E-4143-8091-02175CF098AA}.Debug|Any CPU.Build.0 = Debug|Any CPU
		{29ED2EC0-5F1E-4143-8091-02175CF098AA}.Release|Any CPU.ActiveCfg = Release|Any CPU
		{29ED2EC0-5F1E-4143-8091-02175CF098AA}.Release|Any CPU.Build.0 = Release|Any CPU
		{7743153D-5419-43A3-AC24-87238BA8D13D}.Debug|Any CPU.ActiveCfg = Debug|Any CPU
		{7743153D-5419-43A3-AC24-87238BA8D13D}.Debug|Any CPU.Build.0 = Debug|Any CPU
		{7743153D-5419-43A3-AC24-87238BA8D13D}.Release|Any CPU.ActiveCfg = Release|Any CPU
		{7743153D-5419-43A3-AC24-87238BA8D13D}.Release|Any CPU.Build.0 = Release|Any CPU
		{A74DA7CC-4930-45C6-BE0E-6BD29C071266}.Debug|Any CPU.ActiveCfg = Debug|Any CPU
		{A74DA7CC-4930-45C6-BE0E-6BD29C071266}.Debug|Any CPU.Build.0 = Debug|Any CPU
		{A74DA7CC-4930-45C6-BE0E-6BD29C071266}.Release|Any CPU.ActiveCfg = Release|Any CPU
		{A74DA7CC-4930-45C6-BE0E-6BD29C071266}.Release|Any CPU.Build.0 = Release|Any CPU
		{5D8338B8-338A-41D1-878E-2DC6E50DB109}.Debug|Any CPU.ActiveCfg = Debug|Any CPU
		{5D8338B8-338A-41D1-878E-2DC6E50DB109}.Debug|Any CPU.Build.0 = Debug|Any CPU
		{5D8338B8-338A-41D1-878E-2DC6E50DB109}.Release|Any CPU.ActiveCfg = Release|Any CPU
		{5D8338B8-338A-41D1-878E-2DC6E50DB109}.Release|Any CPU.Build.0 = Release|Any CPU
		{FE9B92FB-AFEC-411C-9D06-3D44FB88C924}.Debug|Any CPU.ActiveCfg = Debug|Any CPU
		{FE9B92FB-AFEC-411C-9D06-3D44FB88C924}.Debug|Any CPU.Build.0 = Debug|Any CPU
		{FE9B92FB-AFEC-411C-9D06-3D44FB88C924}.Release|Any CPU.ActiveCfg = Release|Any CPU
		{FE9B92FB-AFEC-411C-9D06-3D44FB88C924}.Release|Any CPU.Build.0 = Release|Any CPU
		{297F6A3B-3BC9-4071-A94B-4CAF0ED72766}.Debug|Any CPU.ActiveCfg = Debug|Any CPU
		{297F6A3B-3BC9-4071-A94B-4CAF0ED72766}.Debug|Any CPU.Build.0 = Debug|Any CPU
		{297F6A3B-3BC9-4071-A94B-4CAF0ED72766}.Release|Any CPU.ActiveCfg = Release|Any CPU
		{297F6A3B-3BC9-4071-A94B-4CAF0ED72766}.Release|Any CPU.Build.0 = Release|Any CPU
		{3903AEF5-51F9-4CA4-BF93-12C7DACCFBBB}.Debug|Any CPU.ActiveCfg = Debug|Any CPU
		{3903AEF5-51F9-4CA4-BF93-12C7DACCFBBB}.Debug|Any CPU.Build.0 = Debug|Any CPU
		{3903AEF5-51F9-4CA4-BF93-12C7DACCFBBB}.Release|Any CPU.ActiveCfg = Release|Any CPU
		{3903AEF5-51F9-4CA4-BF93-12C7DACCFBBB}.Release|Any CPU.Build.0 = Release|Any CPU
		{C98F8AAF-3A3A-4EAE-B188-CAFF76E97D11}.Debug|Any CPU.ActiveCfg = Debug|Any CPU
		{C98F8AAF-3A3A-4EAE-B188-CAFF76E97D11}.Debug|Any CPU.Build.0 = Debug|Any CPU
		{C98F8AAF-3A3A-4EAE-B188-CAFF76E97D11}.Release|Any CPU.ActiveCfg = Release|Any CPU
		{C98F8AAF-3A3A-4EAE-B188-CAFF76E97D11}.Release|Any CPU.Build.0 = Release|Any CPU
	EndGlobalSection
	GlobalSection(SolutionProperties) = preSolution
		HideSolutionNode = FALSE
	EndGlobalSection
	GlobalSection(ExtensibilityGlobals) = postSolution
		SolutionGuid = {CFA5343D-E250-4E1A-95C4-5D7975D79FF4}
	EndGlobalSection
EndGlobal
